{
  "version": 4,
  "terraform_version": "1.9.7",
  "serial": 1,
  "lineage": "af9e3eab-b9f5-8ef9-e8a0-93eebbfefe14",
  "outputs": {},
  "resources": [
    {
      "mode": "managed",
      "type": "spotify_playlist",
      "name": "Bollywood",
      "provider": "provider[\"registry.terraform.io/conradludgate/spotify\"]",
      "instances": [
        {
          "schema_version": 0,
          "attributes": {
            "description": null,
            "id": "7oW5YK0H1aAl9lRWCIqTht",
            "name": "Bollywood",
            "public": true,
            "snapshot_id": "AAAAAqlSjkm053RQL1rpPG4nuuA0QXb4",
            "tracks": [
              "1twQpI67lgEWZvKf8HObSK"
            ]
          },
          "sensitive_attributes": [],
          "private": "bnVsbA=="
        }
      ]
    }
  ],
  "check_results": null
}
